// !$*UTF8*$!
{
	archiveVersion = 1;
	classes = {
	};
	objectVersion = 46;
	objects = {

/* Begin PBXBuildFile section */
		49AE978018C7CFB200D304D5 /* Foundation.framework in Frameworks */ = {isa = PBXBuildFile; fileRef = 49AE977F18C7CFB200D304D5 /* Foundation.framework */; };
		49AE978218C7CFB200D304D5 /* CoreGraphics.framework in Frameworks */ = {isa = PBXBuildFile; fileRef = 49AE978118C7CFB200D304D5 /* CoreGraphics.framework */; };
		49AE978418C7CFB200D304D5 /* UIKit.framework in Frameworks */ = {isa = PBXBuildFile; fileRef = 49AE978318C7CFB200D304D5 /* UIKit.framework */; };
		49AE978A18C7CFB200D304D5 /* InfoPlist.strings in Resources */ = {isa = PBXBuildFile; fileRef = 49AE978818C7CFB200D304D5 /* InfoPlist.strings */; };
		49AE978C18C7CFB200D304D5 /* main.m in Sources */ = {isa = PBXBuildFile; fileRef = 49AE978B18C7CFB200D304D5 /* main.m */; };
		49AE979018C7CFB200D304D5 /* HSDAppDelegate.m in Sources */ = {isa = PBXBuildFile; fileRef = 49AE978F18C7CFB200D304D5 /* HSDAppDelegate.m */; };
		49AE979318C7CFB200D304D5 /* Main.storyboard in Resources */ = {isa = PBXBuildFile; fileRef = 49AE979118C7CFB200D304D5 /* Main.storyboard */; };
		49AE979618C7CFB200D304D5 /* HSDViewController.m in Sources */ = {isa = PBXBuildFile; fileRef = 49AE979518C7CFB200D304D5 /* HSDViewController.m */; };
		49AE979818C7CFB200D304D5 /* Images.xcassets in Resources */ = {isa = PBXBuildFile; fileRef = 49AE979718C7CFB200D304D5 /* Images.xcassets */; };
		49AE979F18C7CFB200D304D5 /* XCTest.framework in Frameworks */ = {isa = PBXBuildFile; fileRef = 49AE979E18C7CFB200D304D5 /* XCTest.framework */; };
		49AE97A018C7CFB200D304D5 /* Foundation.framework in Frameworks */ = {isa = PBXBuildFile; fileRef = 49AE977F18C7CFB200D304D5 /* Foundation.framework */; };
		49AE97A118C7CFB200D304D5 /* UIKit.framework in Frameworks */ = {isa = PBXBuildFile; fileRef = 49AE978318C7CFB200D304D5 /* UIKit.framework */; };
		49AE97A918C7CFB200D304D5 /* InfoPlist.strings in Resources */ = {isa = PBXBuildFile; fileRef = 49AE97A718C7CFB200D304D5 /* InfoPlist.strings */; };
		49AE97AB18C7CFB200D304D5 /* hmblWIPDev02Tests.m in Sources */ = {isa = PBXBuildFile; fileRef = 49AE97AA18C7CFB200D304D5 /* hmblWIPDev02Tests.m */; };
/* End PBXBuildFile section */

/* Begin PBXContainerItemProxy section */
		49AE97A218C7CFB200D304D5 /* PBXContainerItemProxy */ = {
			isa = PBXContainerItemProxy;
			containerPortal = 49AE977418C7CFB200D304D5 /* Project object */;
			proxyType = 1;
			remoteGlobalIDString = 49AE977B18C7CFB200D304D5;
			remoteInfo = hmblWIPDev02;
		};
/* End PBXContainerItemProxy section */

/* Begin PBXFileReference section */
		49AE977C18C7CFB200D304D5 /* hmblWIPDev02.app */ = {isa = PBXFileReference; explicitFileType = wrapper.application; includeInIndex = 0; path = hmblWIPDev02.app; sourceTree = BUILT_PRODUCTS_DIR; };
		49AE977F18C7CFB200D304D5 /* Foundation.framework */ = {isa = PBXFileReference; lastKnownFileType = wrapper.framework; name = Foundation.framework; path = System/Library/Frameworks/Foundation.framework; sourceTree = SDKROOT; };
		49AE978118C7CFB200D304D5 /* CoreGraphics.framework */ = {isa = PBXFileReference; lastKnownFileType = wrapper.framework; name = CoreGraphics.framework; path = System/Library/Frameworks/CoreGraphics.framework; sourceTree = SDKROOT; };
		49AE978318C7CFB200D304D5 /* UIKit.framework */ = {isa = PBXFileReference; lastKnownFileType = wrapper.framework; name = UIKit.framework; path = System/Library/Frameworks/UIKit.framework; sourceTree = SDKROOT; };
		49AE978718C7CFB200D304D5 /* hmblWIPDev02-Info.plist */ = {isa = PBXFileReference; lastKnownFileType = text.plist.xml; path = "hmblWIPDev02-Info.plist"; sourceTree = "<group>"; };
		49AE978918C7CFB200D304D5 /* en */ = {isa = PBXFileReference; lastKnownFileType = text.plist.strings; name = en; path = en.lproj/InfoPlist.strings; sourceTree = "<group>"; };
		49AE978B18C7CFB200D304D5 /* main.m */ = {isa = PBXFileReference; lastKnownFileType = sourcecode.c.objc; path = main.m; sourceTree = "<group>"; };
		49AE978D18C7CFB200D304D5 /* hmblWIPDev02-Prefix.pch */ = {isa = PBXFileReference; lastKnownFileType = sourcecode.c.h; path = "hmblWIPDev02-Prefix.pch"; sourceTree = "<group>"; };
		49AE978E18C7CFB200D304D5 /* HSDAppDelegate.h */ = {isa = PBXFileReference; lastKnownFileType = sourcecode.c.h; path = HSDAppDelegate.h; sourceTree = "<group>"; };
		49AE978F18C7CFB200D304D5 /* HSDAppDelegate.m */ = {isa = PBXFileReference; lastKnownFileType = sourcecode.c.objc; path = HSDAppDelegate.m; sourceTree = "<group>"; };
		49AE979218C7CFB200D304D5 /* Base */ = {isa = PBXFileReference; lastKnownFileType = file.storyboard; name = Base; path = Base.lproj/Main.storyboard; sourceTree = "<group>"; };
		49AE979418C7CFB200D304D5 /* HSDViewController.h */ = {isa = PBXFileReference; lastKnownFileType = sourcecode.c.h; path = HSDViewController.h; sourceTree = "<group>"; };
		49AE979518C7CFB200D304D5 /* HSDViewController.m */ = {isa = PBXFileReference; lastKnownFileType = sourcecode.c.objc; path = HSDViewController.m; sourceTree = "<group>"; };
		49AE979718C7CFB200D304D5 /* Images.xcassets */ = {isa = PBXFileReference; lastKnownFileType = folder.assetcatalog; path = Images.xcassets; sourceTree = "<group>"; };
		49AE979D18C7CFB200D304D5 /* hmblWIPDev02Tests.xctest */ = {isa = PBXFileReference; explicitFileType = wrapper.cfbundle; includeInIndex = 0; path = hmblWIPDev02Tests.xctest; sourceTree = BUILT_PRODUCTS_DIR; };
		49AE979E18C7CFB200D304D5 /* XCTest.framework */ = {isa = PBXFileReference; lastKnownFileType = wrapper.framework; name = XCTest.framework; path = Library/Frameworks/XCTest.framework; sourceTree = DEVELOPER_DIR; };
		49AE97A618C7CFB200D304D5 /* hmblWIPDev02Tests-Info.plist */ = {isa = PBXFileReference; lastKnownFileType = text.plist.xml; path = "hmblWIPDev02Tests-Info.plist"; sourceTree = "<group>"; };
		49AE97A818C7CFB200D304D5 /* en */ = {isa = PBXFileReference; lastKnownFileType = text.plist.strings; name = en; path = en.lproj/InfoPlist.strings; sourceTree = "<group>"; };
		49AE97AA18C7CFB200D304D5 /* hmblWIPDev02Tests.m */ = {isa = PBXFileReference; lastKnownFileType = sourcecode.c.objc; path = hmblWIPDev02Tests.m; sourceTree = "<group>"; };
/* End PBXFileReference section */

/* Begin PBXFrameworksBuildPhase section */
		49AE977918C7CFB200D304D5 /* Frameworks */ = {
			isa = PBXFrameworksBuildPhase;
			buildActionMask = 2147483647;
			files = (
				49AE978218C7CFB200D304D5 /* CoreGraphics.framework in Frameworks */,
				49AE978418C7CFB200D304D5 /* UIKit.framework in Frameworks */,
				49AE978018C7CFB200D304D5 /* Foundation.framework in Frameworks */,
			);
			runOnlyForDeploymentPostprocessing = 0;
		};
		49AE979A18C7CFB200D304D5 /* Frameworks */ = {
			isa = PBXFrameworksBuildPhase;
			buildActionMask = 2147483647;
			files = (
				49AE979F18C7CFB200D304D5 /* XCTest.framework in Frameworks */,
				49AE97A118C7CFB200D304D5 /* UIKit.framework in Frameworks */,
				49AE97A018C7CFB200D304D5 /* Foundation.framework in Frameworks */,
			);
			runOnlyForDeploymentPostprocessing = 0;
		};
/* End PBXFrameworksBuildPhase section */

/* Begin PBXGroup section */
		49AE977318C7CFB200D304D5 = {
			isa = PBXGroup;
			children = (
				49AE978518C7CFB200D304D5 /* hmblWIPDev02 */,
				49AE97A418C7CFB200D304D5 /* hmblWIPDev02Tests */,
				49AE977E18C7CFB200D304D5 /* Frameworks */,
				49AE977D18C7CFB200D304D5 /* Products */,
			);
			sourceTree = "<group>";
		};
		49AE977D18C7CFB200D304D5 /* Products */ = {
			isa = PBXGroup;
			children = (
				49AE977C18C7CFB200D304D5 /* hmblWIPDev02.app */,
				49AE979D18C7CFB200D304D5 /* hmblWIPDev02Tests.xctest */,
			);
			name = Products;
			sourceTree = "<group>";
		};
		49AE977E18C7CFB200D304D5 /* Frameworks */ = {
			isa = PBXGroup;
			children = (
				49AE977F18C7CFB200D304D5 /* Foundation.framework */,
				49AE978118C7CFB200D304D5 /* CoreGraphics.framework */,
				49AE978318C7CFB200D304D5 /* UIKit.framework */,
				49AE979E18C7CFB200D304D5 /* XCTest.framework */,
			);
			name = Frameworks;
			sourceTree = "<group>";
		};
		49AE978518C7CFB200D304D5 /* hmblWIPDev02 */ = {
			isa = PBXGroup;
			children = (
				49AE978E18C7CFB200D304D5 /* HSDAppDelegate.h */,
				49AE978F18C7CFB200D304D5 /* HSDAppDelegate.m */,
				49AE979118C7CFB200D304D5 /* Main.storyboard */,
				49AE979418C7CFB200D304D5 /* HSDViewController.h */,
				49AE979518C7CFB200D304D5 /* HSDViewController.m */,
				49AE979718C7CFB200D304D5 /* Images.xcassets */,
				49AE978618C7CFB200D304D5 /* Supporting Files */,
			);
			path = hmblWIPDev02;
			sourceTree = "<group>";
		};
		49AE978618C7CFB200D304D5 /* Supporting Files */ = {
			isa = PBXGroup;
			children = (
				49AE978718C7CFB200D304D5 /* hmblWIPDev02-Info.plist */,
				49AE978818C7CFB200D304D5 /* InfoPlist.strings */,
				49AE978B18C7CFB200D304D5 /* main.m */,
				49AE978D18C7CFB200D304D5 /* hmblWIPDev02-Prefix.pch */,
			);
			name = "Supporting Files";
			sourceTree = "<group>";
		};
		49AE97A418C7CFB200D304D5 /* hmblWIPDev02Tests */ = {
			isa = PBXGroup;
			children = (
				49AE97AA18C7CFB200D304D5 /* hmblWIPDev02Tests.m */,
				49AE97A518C7CFB200D304D5 /* Supporting Files */,
			);
			path = hmblWIPDev02Tests;
			sourceTree = "<group>";
		};
		49AE97A518C7CFB200D304D5 /* Supporting Files */ = {
			isa = PBXGroup;
			children = (
				49AE97A618C7CFB200D304D5 /* hmblWIPDev02Tests-Info.plist */,
				49AE97A718C7CFB200D304D5 /* InfoPlist.strings */,
			);
			name = "Supporting Files";
			sourceTree = "<group>";
		};
/* End PBXGroup section */

/* Begin PBXNativeTarget section */
		49AE977B18C7CFB200D304D5 /* hmblWIPDev02 */ = {
			isa = PBXNativeTarget;
			buildConfigurationList = 49AE97AE18C7CFB200D304D5 /* Build configuration list for PBXNativeTarget "hmblWIPDev02" */;
			buildPhases = (
				49AE977818C7CFB200D304D5 /* Sources */,
				49AE977918C7CFB200D304D5 /* Frameworks */,
				49AE977A18C7CFB200D304D5 /* Resources */,
			);
			buildRules = (
			);
			dependencies = (
			);
			name = hmblWIPDev02;
			productName = hmblWIPDev02;
			productReference = 49AE977C18C7CFB200D304D5 /* hmblWIPDev02.app */;
			productType = "com.apple.product-type.application";
		};
		49AE979C18C7CFB200D304D5 /* hmblWIPDev02Tests */ = {
			isa = PBXNativeTarget;
			buildConfigurationList = 49AE97B118C7CFB200D304D5 /* Build configuration list for PBXNativeTarget "hmblWIPDev02Tests" */;
			buildPhases = (
				49AE979918C7CFB200D304D5 /* Sources */,
				49AE979A18C7CFB200D304D5 /* Frameworks */,
				49AE979B18C7CFB200D304D5 /* Resources */,
			);
			buildRules = (
			);
			dependencies = (
				49AE97A318C7CFB200D304D5 /* PBXTargetDependency */,
			);
			name = hmblWIPDev02Tests;
			productName = hmblWIPDev02Tests;
			productReference = 49AE979D18C7CFB200D304D5 /* hmblWIPDev02Tests.xctest */;
			productType = "com.apple.product-type.bundle.unit-test";
		};
/* End PBXNativeTarget section */

/* Begin PBXProject section */
		49AE977418C7CFB200D304D5 /* Project object */ = {
			isa = PBXProject;
			attributes = {
				CLASSPREFIX = HSD;
				LastUpgradeCheck = 0500;
				ORGANIZATIONNAME = douglas.hannah;
				TargetAttributes = {
					49AE979C18C7CFB200D304D5 = {
						TestTargetID = 49AE977B18C7CFB200D304D5;
					};
				};
			};
			buildConfigurationList = 49AE977718C7CFB200D304D5 /* Build configuration list for PBXProject "hmblWIPDev02" */;
			compatibilityVersion = "Xcode 3.2";
			developmentRegion = English;
			hasScannedForEncodings = 0;
			knownRegions = (
				en,
				Base,
			);
			mainGroup = 49AE977318C7CFB200D304D5;
			productRefGroup = 49AE977D18C7CFB200D304D5 /* Products */;
			projectDirPath = "";
			projectRoot = "";
			targets = (
				49AE977B18C7CFB200D304D5 /* hmblWIPDev02 */,
				49AE979C18C7CFB200D304D5 /* hmblWIPDev02Tests */,
			);
		};
/* End PBXProject section */

/* Begin PBXResourcesBuildPhase section */
		49AE977A18C7CFB200D304D5 /* Resources */ = {
			isa = PBXResourcesBuildPhase;
			buildActionMask = 2147483647;
			files = (
				49AE979818C7CFB200D304D5 /* Images.xcassets in Resources */,
				49AE978A18C7CFB200D304D5 /* InfoPlist.strings in Resources */,
				49AE979318C7CFB200D304D5 /* Main.storyboard in Resources */,
			);
			runOnlyForDeploymentPostprocessing = 0;
		};
		49AE979B18C7CFB200D304D5 /* Resources */ = {
			isa = PBXResourcesBuildPhase;
			buildActionMask = 2147483647;
			files = (
				49AE97A918C7CFB200D304D5 /* InfoPlist.strings in Resources */,
			);
			runOnlyForDeploymentPostprocessing = 0;
		};
/* End PBXResourcesBuildPhase section */

/* Begin PBXSourcesBuildPhase section */
		49AE977818C7CFB200D304D5 /* Sources */ = {
			isa = PBXSourcesBuildPhase;
			buildActionMask = 2147483647;
			files = (
				49AE979018C7CFB200D304D5 /* HSDAppDelegate.m in Sources */,
				49AE978C18C7CFB200D304D5 /* main.m in Sources */,
				49AE979618C7CFB200D304D5 /* HSDViewController.m in Sources */,
			);
			runOnlyForDeploymentPostprocessing = 0;
		};
		49AE979918C7CFB200D304D5 /* Sources */ = {
			isa = PBXSourcesBuildPhase;
			buildActionMask = 2147483647;
			files = (
				49AE97AB18C7CFB200D304D5 /* hmblWIPDev02Tests.m in Sources */,
			);
			runOnlyForDeploymentPostprocessing = 0;
		};
/* End PBXSourcesBuildPhase section */

/* Begin PBXTargetDependency section */
		49AE97A318C7CFB200D304D5 /* PBXTargetDependency */ = {
			isa = PBXTargetDependency;
			target = 49AE977B18C7CFB200D304D5 /* hmblWIPDev02 */;
			targetProxy = 49AE97A218C7CFB200D304D5 /* PBXContainerItemProxy */;
		};
/* End PBXTargetDependency section */

/* Begin PBXVariantGroup section */
		49AE978818C7CFB200D304D5 /* InfoPlist.strings */ = {
			isa = PBXVariantGroup;
			children = (
				49AE978918C7CFB200D304D5 /* en */,
			);
			name = InfoPlist.strings;
			sourceTree = "<group>";
		};
		49AE979118C7CFB200D304D5 /* Main.storyboard */ = {
			isa = PBXVariantGroup;
			children = (
				49AE979218C7CFB200D304D5 /* Base */,
			);
			name = Main.storyboard;
			sourceTree = "<group>";
		};
		49AE97A718C7CFB200D304D5 /* InfoPlist.strings */ = {
			isa = PBXVariantGroup;
			children = (
				49AE97A818C7CFB200D304D5 /* en */,
			);
			name = InfoPlist.strings;
			sourceTree = "<group>";
		};
/* End PBXVariantGroup section */

/* Begin XCBuildConfiguration section */
		49AE97AC18C7CFB200D304D5 /* Debug */ = {
			isa = XCBuildConfiguration;
			buildSettings = {
				ALWAYS_SEARCH_USER_PATHS = NO;
				ARCHS = "$(ARCHS_STANDARD_INCLUDING_64_BIT)";
				CLANG_CXX_LANGUAGE_STANDARD = "gnu++0x";
				CLANG_CXX_LIBRARY = "libc++";
				CLANG_ENABLE_MODULES = YES;
				CLANG_ENABLE_OBJC_ARC = YES;
				CLANG_WARN_BOOL_CONVERSION = YES;
				CLANG_WARN_CONSTANT_CONVERSION = YES;
				CLANG_WARN_DIRECT_OBJC_ISA_USAGE = YES_ERROR;
				CLANG_WARN_EMPTY_BODY = YES;
				CLANG_WARN_ENUM_CONVERSION = YES;
				CLANG_WARN_INT_CONVERSION = YES;
				CLANG_WARN_OBJC_ROOT_CLASS = YES_ERROR;
				CLANG_WARN__DUPLICATE_METHOD_MATCH = YES;
				"CODE_SIGN_IDENTITY[sdk=iphoneos*]" = "iPhone Developer";
				COPY_PHASE_STRIP = NO;
				GCC_C_LANGUAGE_STANDARD = gnu99;
				GCC_DYNAMIC_NO_PIC = NO;
				GCC_OPTIMIZATION_LEVEL = 0;
				GCC_PREPROCESSOR_DEFINITIONS = (
					"DEBUG=1",
					"$(inherited)",
				);
				GCC_SYMBOLS_PRIVATE_EXTERN = NO;
				GCC_WARN_64_TO_32_BIT_CONVERSION = YES;
				GCC_WARN_ABOUT_RETURN_TYPE = YES_ERROR;
				GCC_WARN_UNDECLARED_SELECTOR = YES;
				GCC_WARN_UNINITIALIZED_AUTOS = YES;
				GCC_WARN_UNUSED_FUNCTION = YES;
				GCC_WARN_UNUSED_VARIABLE = YES;
				IPHONEOS_DEPLOYMENT_TARGET = 7.0;
				ONLY_ACTIVE_ARCH = YES;
				SDKROOT = iphoneos;
			};
			name = Debug;
		};
		49AE97AD18C7CFB200D304D5 /* Release */ = {
			isa = XCBuildConfiguration;
			buildSettings = {
				ALWAYS_SEARCH_USER_PATHS = NO;
				ARCHS = "$(ARCHS_STANDARD_INCLUDING_64_BIT)";
				CLANG_CXX_LANGUAGE_STANDARD = "gnu++0x";
				CLANG_CXX_LIBRARY = "libc++";
				CLANG_ENABLE_MODULES = YES;
				CLANG_ENABLE_OBJC_ARC = YES;
				CLANG_WARN_BOOL_CONVERSION = YES;
				CLANG_WARN_CONSTANT_CONVERSION = YES;
				CLANG_WARN_DIRECT_OBJC_ISA_USAGE = YES_ERROR;
				CLANG_WARN_EMPTY_BODY = YES;
				CLANG_WARN_ENUM_CONVERSION = YES;
				CLANG_WARN_INT_CONVERSION = YES;
				CLANG_WARN_OBJC_ROOT_CLASS = YES_ERROR;
				CLANG_WARN__DUPLICATE_METHOD_MATCH = YES;
				"CODE_SIGN_IDENTITY[sdk=iphoneos*]" = "iPhone Developer";
				COPY_PHASE_STRIP = YES;
				ENABLE_NS_ASSERTIONS = NO;
				GCC_C_LANGUAGE_STANDARD = gnu99;
				GCC_WARN_64_TO_32_BIT_CONVERSION = YES;
				GCC_WARN_ABOUT_RETURN_TYPE = YES_ERROR;
				GCC_WARN_UNDECLARED_SELECTOR = YES;
				GCC_WARN_UNINITIALIZED_AUTOS = YES;
				GCC_WARN_UNUSED_FUNCTION = YES;
				GCC_WARN_UNUSED_VARIABLE = YES;
				IPHONEOS_DEPLOYMENT_TARGET = 7.0;
				SDKROOT = iphoneos;
				VALIDATE_PRODUCT = YES;
			};
			name = Release;
		};
		49AE97AF18C7CFB200D304D5 /* Debug */ = {
			isa = XCBuildConfiguration;
			buildSettings = {
				ASSETCATALOG_COMPILER_APPICON_NAME = AppIcon;
				ASSETCATALOG_COMPILER_LAUNCHIMAGE_NAME = LaunchImage;
				GCC_PRECOMPILE_PREFIX_HEADER = YES;
				GCC_PREFIX_HEADER = "hmblWIPDev02/hmblWIPDev02-Prefix.pch";
				INFOPLIST_FILE = "hmblWIPDev02/hmblWIPDev02-Info.plist";
				PRODUCT_NAME = "$(TARGET_NAME)";
				WRAPPER_EXTENSION = app;
			};
			name = Debug;
		};
		49AE97B018C7CFB200D304D5 /* Release */ = {
			isa = XCBuildConfiguration;
			buildSettings = {
				ASSETCATALOG_COMPILER_APPICON_NAME = AppIcon;
				ASSETCATALOG_COMPILER_LAUNCHIMAGE_NAME = LaunchImage;
				GCC_PRECOMPILE_PREFIX_HEADER = YES;
				GCC_PREFIX_HEADER = "hmblWIPDev02/hmblWIPDev02-Prefix.pch";
				INFOPLIST_FILE = "hmblWIPDev02/hmblWIPDev02-Info.plist";
				PRODUCT_NAME = "$(TARGET_NAME)";
				WRAPPER_EXTENSION = app;
			};
			name = Release;
		};
		49AE97B218C7CFB200D304D5 /* Debug */ = {
			isa = XCBuildConfiguration;
			buildSettings = {
				ARCHS = "$(ARCHS_STANDARD_INCLUDING_64_BIT)";
				BUNDLE_LOADER = "$(BUILT_PRODUCTS_DIR)/hmblWIPDev02.app/hmblWIPDev02";
				FRAMEWORK_SEARCH_PATHS = (
					"$(SDKROOT)/Developer/Library/Frameworks",
					"$(inherited)",
					"$(DEVELOPER_FRAMEWORKS_DIR)",
				);
				GCC_PRECOMPILE_PREFIX_HEADER = YES;
				GCC_PREFIX_HEADER = "hmblWIPDev02/hmblWIPDev02-Prefix.pch";
				GCC_PREPROCESSOR_DEFINITIONS = (
					"DEBUG=1",
					"$(inherited)",
				);
				INFOPLIST_FILE = "hmblWIPDev02Tests/hmblWIPDev02Tests-Info.plist";
				PRODUCT_NAME = "$(TARGET_NAME)";
				TEST_HOST = "$(BUNDLE_LOADER)";
				WRAPPER_EXTENSION = xctest;
			};
			name = Debug;
		};
		49AE97B318C7CFB200D304D5 /* Release */ = {
			isa = XCBuildConfiguration;
			buildSettings = {
				ARCHS = "$(ARCHS_STANDARD_INCLUDING_64_BIT)";
				BUNDLE_LOADER = "$(BUILT_PRODUCTS_DIR)/hmblWIPDev02.app/hmblWIPDev02";
				FRAMEWORK_SEARCH_PATHS = (
					"$(SDKROOT)/Developer/Library/Frameworks",
					"$(inherited)",
					"$(DEVELOPER_FRAMEWORKS_DIR)",
				);
				GCC_PRECOMPILE_PREFIX_HEADER = YES;
				GCC_PREFIX_HEADER = "hmblWIPDev02/hmblWIPDev02-Prefix.pch";
				INFOPLIST_FILE = "hmblWIPDev02Tests/hmblWIPDev02Tests-Info.plist";
				PRODUCT_NAME = "$(TARGET_NAME)";
				TEST_HOST = "$(BUNDLE_LOADER)";
				WRAPPER_EXTENSION = xctest;
			};
			name = Release;
		};
/* End XCBuildConfiguration section */

/* Begin XCConfigurationList section */
		49AE977718C7CFB200D304D5 /* Build configuration list for PBXProject "hmblWIPDev02" */ = {
			isa = XCConfigurationList;
			buildConfigurations = (
				49AE97AC18C7CFB200D304D5 /* Debug */,
				49AE97AD18C7CFB200D304D5 /* Release */,
			);
			defaultConfigurationIsVisible = 0;
			defaultConfigurationName = Release;
		};
		49AE97AE18C7CFB200D304D5 /* Build configuration list for PBXNativeTarget "hmblWIPDev02" */ = {
			isa = XCConfigurationList;
			buildConfigurations = (
				49AE97AF18C7CFB200D304D5 /* Debug */,
				49AE97B018C7CFB200D304D5 /* Release */,
			);
			defaultConfigurationIsVisible = 0;
		};
		49AE97B118C7CFB200D304D5 /* Build configuration list for PBXNativeTarget "hmblWIPDev02Tests" */ = {
			isa = XCConfigurationList;
			buildConfigurations = (
				49AE97B218C7CFB200D304D5 /* Debug */,
				49AE97B318C7CFB200D304D5 /* Release */,
			);
			defaultConfigurationIsVisible = 0;
		};
/* End XCConfigurationList section */
	};
	rootObject = 49AE977418C7CFB200D304D5 /* Project object */;
}
